
Microsoft Visual Studio Solution File, Format Version 12.00
# Visual Studio 15
VisualStudioVersion = 15.0.26403.7
MinimumVisualStudioVersion = 10.0.40219.1
Project("{FAE04EC0-301F-11D3-BF4B-00C04F79EFBC}") = "CoolBreeze.Android", "SuaveChallenge\SuaveChallenge.Android\CoolBreeze.Android.csproj", "{1DD76E52-36A8-4A9D-8B0C-A837E246EB74}"
EndProject
Project("{FAE04EC0-301F-11D3-BF4B-00C04F79EFBC}") = "CoolBreeze", "SuaveChallenge\SuaveChallenge\CoolBreeze.csproj", "{21FC6BBE-83C4-4270-AC5F-F1CF81B85A85}"
EndProject
Project("{FAE04EC0-301F-11D3-BF4B-00C04F79EFBC}") = "CoolBreeze.UWP", "SuaveChallenge\SuaveChallenge.UWP\CoolBreeze.UWP.csproj", "{4E05B570-EF88-4DB3-83FC-5C3BD514C650}"
EndProject
Project("{FAE04EC0-301F-11D3-BF4B-00C04F79EFBC}") = "CoolBreeze.iOS", "SuaveChallenge\SuaveChallenge.iOS\CoolBreeze.iOS.csproj", "{CE0F32F8-F626-40D1-BBEE-4D0532CF8140}"
EndProject
Global
	GlobalSection(SolutionConfigurationPlatforms) = preSolution
		Ad-Hoc|Any CPU = Ad-Hoc|Any CPU
		Ad-Hoc|ARM = Ad-Hoc|ARM
		Ad-Hoc|iPhone = Ad-Hoc|iPhone
		Ad-Hoc|iPhoneSimulator = Ad-Hoc|iPhoneSimulator
		Ad-Hoc|x64 = Ad-Hoc|x64
		Ad-Hoc|x86 = Ad-Hoc|x86
		AppStore|Any CPU = AppStore|Any CPU
		AppStore|ARM = AppStore|ARM
		AppStore|iPhone = AppStore|iPhone
		AppStore|iPhoneSimulator = AppStore|iPhoneSimulator
		AppStore|x64 = AppStore|x64
		AppStore|x86 = AppStore|x86
		Debug|Any CPU = Debug|Any CPU
		Debug|ARM = Debug|ARM
		Debug|iPhone = Debug|iPhone
		Debug|iPhoneSimulator = Debug|iPhoneSimulator
		Debug|x64 = Debug|x64
		Debug|x86 = Debug|x86
		Release|Any CPU = Release|Any CPU
		Release|ARM = Release|ARM
		Release|iPhone = Release|iPhone
		Release|iPhoneSimulator = Release|iPhoneSimulator
		Release|x64 = Release|x64
		Release|x86 = Release|x86
	EndGlobalSection
	GlobalSection(ProjectConfigurationPlatforms) = postSolution
		{1DD76E52-36A8-4A9D-8B0C-A837E246EB74}.Ad-Hoc|Any CPU.ActiveCfg = Release|Any CPU
		{1DD76E52-36A8-4A9D-8B0C-A837E246EB74}.Ad-Hoc|Any CPU.Build.0 = Release|Any CPU
		{1DD76E52-36A8-4A9D-8B0C-A837E246EB74}.Ad-Hoc|Any CPU.Deploy.0 = Release|Any CPU
		{1DD76E52-36A8-4A9D-8B0C-A837E246EB74}.Ad-Hoc|ARM.ActiveCfg = Release|Any CPU
		{1DD76E52-36A8-4A9D-8B0C-A837E246EB74}.Ad-Hoc|ARM.Build.0 = Release|Any CPU
		{1DD76E52-36A8-4A9D-8B0C-A837E246EB74}.Ad-Hoc|ARM.Deploy.0 = Release|Any CPU
		{1DD76E52-36A8-4A9D-8B0C-A837E246EB74}.Ad-Hoc|iPhone.ActiveCfg = Release|Any CPU
		{1DD76E52-36A8-4A9D-8B0C-A837E246EB74}.Ad-Hoc|iPhone.Build.0 = Release|Any CPU
		{1DD76E52-36A8-4A9D-8B0C-A837E246EB74}.Ad-Hoc|iPhone.Deploy.0 = Release|Any CPU
		{1DD76E52-36A8-4A9D-8B0C-A837E246EB74}.Ad-Hoc|iPhoneSimulator.ActiveCfg = Release|Any CPU
		{1DD76E52-36A8-4A9D-8B0C-A837E246EB74}.Ad-Hoc|iPhoneSimulator.Build.0 = Release|Any CPU
		{1DD76E52-36A8-4A9D-8B0C-A837E246EB74}.Ad-Hoc|iPhoneSimulator.Deploy.0 = Release|Any CPU
		{1DD76E52-36A8-4A9D-8B0C-A837E246EB74}.Ad-Hoc|x64.ActiveCfg = Release|Any CPU
		{1DD76E52-36A8-4A9D-8B0C-A837E246EB74}.Ad-Hoc|x64.Build.0 = Release|Any CPU
		{1DD76E52-36A8-4A9D-8B0C-A837E246EB74}.Ad-Hoc|x64.Deploy.0 = Release|Any CPU
		{1DD76E52-36A8-4A9D-8B0C-A837E246EB74}.Ad-Hoc|x86.ActiveCfg = Release|Any CPU
		{1DD76E52-36A8-4A9D-8B0C-A837E246EB74}.Ad-Hoc|x86.Build.0 = Release|Any CPU
		{1DD76E52-36A8-4A9D-8B0C-A837E246EB74}.Ad-Hoc|x86.Deploy.0 = Release|Any CPU
		{1DD76E52-36A8-4A9D-8B0C-A837E246EB74}.AppStore|Any CPU.ActiveCfg = Release|Any CPU
		{1DD76E52-36A8-4A9D-8B0C-A837E246EB74}.AppStore|Any CPU.Build.0 = Release|Any CPU
		{1DD76E52-36A8-4A9D-8B0C-A837E246EB74}.AppStore|Any CPU.Deploy.0 = Release|Any CPU
		{1DD76E52-36A8-4A9D-8B0C-A837E246EB74}.AppStore|ARM.ActiveCfg = Release|Any CPU
		{1DD76E52-36A8-4A9D-8B0C-A837E246EB74}.AppStore|ARM.Build.0 = Release|Any CPU
		{1DD76E52-36A8-4A9D-8B0C-A837E246EB74}.AppStore|ARM.Deploy.0 = Release|Any CPU
		{1DD76E52-36A8-4A9D-8B0C-A837E246EB74}.AppStore|iPhone.ActiveCfg = Release|Any CPU
		{1DD76E52-36A8-4A9D-8B0C-A837E246EB74}.AppStore|iPhone.Build.0 = Release|Any CPU
		{1DD76E52-36A8-4A9D-8B0C-A837E246EB74}.AppStore|iPhone.Deploy.0 = Release|Any CPU
		{1DD76E52-36A8-4A9D-8B0C-A837E246EB74}.AppStore|iPhoneSimulator.ActiveCfg = Release|Any CPU
		{1DD76E52-36A8-4A9D-8B0C-A837E246EB74}.AppStore|iPhoneSimulator.Build.0 = Release|Any CPU
		{1DD76E52-36A8-4A9D-8B0C-A837E246EB74}.AppStore|iPhoneSimulator.Deploy.0 = Release|Any CPU
		{1DD76E52-36A8-4A9D-8B0C-A837E246EB74}.AppStore|x64.ActiveCfg = Release|Any CPU
		{1DD76E52-36A8-4A9D-8B0C-A837E246EB74}.AppStore|x64.Build.0 = Release|Any CPU
		{1DD76E52-36A8-4A9D-8B0C-A837E246EB74}.AppStore|x64.Deploy.0 = Release|Any CPU
		{1DD76E52-36A8-4A9D-8B0C-A837E246EB74}.AppStore|x86.ActiveCfg = Release|Any CPU
		{1DD76E52-36A8-4A9D-8B0C-A837E246EB74}.AppStore|x86.Build.0 = Release|Any CPU
		{1DD76E52-36A8-4A9D-8B0C-A837E246EB74}.AppStore|x86.Deploy.0 = Release|Any CPU
		{1DD76E52-36A8-4A9D-8B0C-A837E246EB74}.Debug|Any CPU.ActiveCfg = Debug|Any CPU
		{1DD76E52-36A8-4A9D-8B0C-A837E246EB74}.Debug|Any CPU.Build.0 = Debug|Any CPU
		{1DD76E52-36A8-4A9D-8B0C-A837E246EB74}.Debug|Any CPU.Deploy.0 = Debug|Any CPU
		{1DD76E52-36A8-4A9D-8B0C-A837E246EB74}.Debug|ARM.ActiveCfg = Debug|Any CPU
		{1DD76E52-36A8-4A9D-8B0C-A837E246EB74}.Debug|ARM.Build.0 = Debug|Any CPU
		{1DD76E52-36A8-4A9D-8B0C-A837E246EB74}.Debug|ARM.Deploy.0 = Debug|Any CPU
		{1DD76E52-36A8-4A9D-8B0C-A837E246EB74}.Debug|iPhone.ActiveCfg = Debug|Any CPU
		{1DD76E52-36A8-4A9D-8B0C-A837E246EB74}.Debug|iPhone.Build.0 = Debug|Any CPU
		{1DD76E52-36A8-4A9D-8B0C-A837E246EB74}.Debug|iPhone.Deploy.0 = Debug|Any CPU
		{1DD76E52-36A8-4A9D-8B0C-A837E246EB74}.Debug|iPhoneSimulator.ActiveCfg = Debug|Any CPU
		{1DD76E52-36A8-4A9D-8B0C-A837E246EB74}.Debug|iPhoneSimulator.Build.0 = Debug|Any CPU
		{1DD76E52-36A8-4A9D-8B0C-A837E246EB74}.Debug|iPhoneSimulator.Deploy.0 = Debug|Any CPU
		{1DD76E52-36A8-4A9D-8B0C-A837E246EB74}.Debug|x64.ActiveCfg = Debug|Any CPU
		{1DD76E52-36A8-4A9D-8B0C-A837E246EB74}.Debug|x64.Build.0 = Debug|Any CPU
		{1DD76E52-36A8-4A9D-8B0C-A837E246EB74}.Debug|x64.Deploy.0 = Debug|Any CPU
		{1DD76E52-36A8-4A9D-8B0C-A837E246EB74}.Debug|x86.ActiveCfg = Debug|Any CPU
		{1DD76E52-36A8-4A9D-8B0C-A837E246EB74}.Debug|x86.Build.0 = Debug|Any CPU
		{1DD76E52-36A8-4A9D-8B0C-A837E246EB74}.Debug|x86.Deploy.0 = Debug|Any CPU
		{1DD76E52-36A8-4A9D-8B0C-A837E246EB74}.Release|Any CPU.ActiveCfg = Release|Any CPU
		{1DD76E52-36A8-4A9D-8B0C-A837E246EB74}.Release|Any CPU.Build.0 = Release|Any CPU
		{1DD76E52-36A8-4A9D-8B0C-A837E246EB74}.Release|Any CPU.Deploy.0 = Release|Any CPU
		{1DD76E52-36A8-4A9D-8B0C-A837E246EB74}.Release|ARM.ActiveCfg = Release|Any CPU
		{1DD76E52-36A8-4A9D-8B0C-A837E246EB74}.Release|ARM.Build.0 = Release|Any CPU
		{1DD76E52-36A8-4A9D-8B0C-A837E246EB74}.Release|ARM.Deploy.0 = Release|Any CPU
		{1DD76E52-36A8-4A9D-8B0C-A837E246EB74}.Release|iPhone.ActiveCfg = Release|Any CPU
		{1DD76E52-36A8-4A9D-8B0C-A837E246EB74}.Release|iPhone.Build.0 = Release|Any CPU
		{1DD76E52-36A8-4A9D-8B0C-A837E246EB74}.Release|iPhone.Deploy.0 = Release|Any CPU
		{1DD76E52-36A8-4A9D-8B0C-A837E246EB74}.Release|iPhoneSimulator.ActiveCfg = Release|Any CPU
		{1DD76E52-36A8-4A9D-8B0C-A837E246EB74}.Release|iPhoneSimulator.Build.0 = Release|Any CPU
		{1DD76E52-36A8-4A9D-8B0C-A837E246EB74}.Release|iPhoneSimulator.Deploy.0 = Release|Any CPU
		{1DD76E52-36A8-4A9D-8B0C-A837E246EB74}.Release|x64.ActiveCfg = Release|Any CPU
		{1DD76E52-36A8-4A9D-8B0C-A837E246EB74}.Release|x64.Build.0 = Release|Any CPU
		{1DD76E52-36A8-4A9D-8B0C-A837E246EB74}.Release|x64.Deploy.0 = Release|Any CPU
		{1DD76E52-36A8-4A9D-8B0C-A837E246EB74}.Release|x86.ActiveCfg = Release|Any CPU
		{1DD76E52-36A8-4A9D-8B0C-A837E246EB74}.Release|x86.Build.0 = Release|Any CPU
		{1DD76E52-36A8-4A9D-8B0C-A837E246EB74}.Release|x86.Deploy.0 = Release|Any CPU
		{21FC6BBE-83C4-4270-AC5F-F1CF81B85A85}.Ad-Hoc|Any CPU.ActiveCfg = Release|Any CPU
		{21FC6BBE-83C4-4270-AC5F-F1CF81B85A85}.Ad-Hoc|Any CPU.Build.0 = Release|Any CPU
		{21FC6BBE-83C4-4270-AC5F-F1CF81B85A85}.Ad-Hoc|ARM.ActiveCfg = Release|Any CPU
		{21FC6BBE-83C4-4270-AC5F-F1CF81B85A85}.Ad-Hoc|ARM.Build.0 = Release|Any CPU
		{21FC6BBE-83C4-4270-AC5F-F1CF81B85A85}.Ad-Hoc|iPhone.ActiveCfg = Release|Any CPU
		{21FC6BBE-83C4-4270-AC5F-F1CF81B85A85}.Ad-Hoc|iPhone.Build.0 = Release|Any CPU
		{21FC6BBE-83C4-4270-AC5F-F1CF81B85A85}.Ad-Hoc|iPhoneSimulator.ActiveCfg = Release|Any CPU
		{21FC6BBE-83C4-4270-AC5F-F1CF81B85A85}.Ad-Hoc|iPhoneSimulator.Build.0 = Release|Any CPU
		{21FC6BBE-83C4-4270-AC5F-F1CF81B85A85}.Ad-Hoc|x64.ActiveCfg = Release|Any CPU
		{21FC6BBE-83C4-4270-AC5F-F1CF81B85A85}.Ad-Hoc|x64.Build.0 = Release|Any CPU
		{21FC6BBE-83C4-4270-AC5F-F1CF81B85A85}.Ad-Hoc|x86.ActiveCfg = Release|Any CPU
		{21FC6BBE-83C4-4270-AC5F-F1CF81B85A85}.Ad-Hoc|x86.Build.0 = Release|Any CPU
		{21FC6BBE-83C4-4270-AC5F-F1CF81B85A85}.AppStore|Any CPU.ActiveCfg = Release|Any CPU
		{21FC6BBE-83C4-4270-AC5F-F1CF81B85A85}.AppStore|Any CPU.Build.0 = Release|Any CPU
		{21FC6BBE-83C4-4270-AC5F-F1CF81B85A85}.AppStore|ARM.ActiveCfg = Release|Any CPU
		{21FC6BBE-83C4-4270-AC5F-F1CF81B85A85}.AppStore|ARM.Build.0 = Release|Any CPU
		{21FC6BBE-83C4-4270-AC5F-F1CF81B85A85}.AppStore|iPhone.ActiveCfg = Release|Any CPU
		{21FC6BBE-83C4-4270-AC5F-F1CF81B85A85}.AppStore|iPhone.Build.0 = Release|Any CPU
		{21FC6BBE-83C4-4270-AC5F-F1CF81B85A85}.AppStore|iPhoneSimulator.ActiveCfg = Release|Any CPU
		{21FC6BBE-83C4-4270-AC5F-F1CF81B85A85}.AppStore|iPhoneSimulator.Build.0 = Release|Any CPU
		{21FC6BBE-83C4-4270-AC5F-F1CF81B85A85}.AppStore|x64.ActiveCfg = Release|Any CPU
		{21FC6BBE-83C4-4270-AC5F-F1CF81B85A85}.AppStore|x64.Build.0 = Release|Any CPU
		{21FC6BBE-83C4-4270-AC5F-F1CF81B85A85}.AppStore|x86.ActiveCfg = Release|Any CPU
		{21FC6BBE-83C4-4270-AC5F-F1CF81B85A85}.AppStore|x86.Build.0 = Release|Any CPU
		{21FC6BBE-83C4-4270-AC5F-F1CF81B85A85}.Debug|Any CPU.ActiveCfg = Debug|Any CPU
		{21FC6BBE-83C4-4270-AC5F-F1CF81B85A85}.Debug|Any CPU.Build.0 = Debug|Any CPU
		{21FC6BBE-83C4-4270-AC5F-F1CF81B85A85}.Debug|ARM.ActiveCfg = Debug|Any CPU
		{21FC6BBE-83C4-4270-AC5F-F1CF81B85A85}.Debug|ARM.Build.0 = Debug|Any CPU
		{21FC6BBE-83C4-4270-AC5F-F1CF81B85A85}.Debug|iPhone.ActiveCfg = Debug|Any CPU
		{21FC6BBE-83C4-4270-AC5F-F1CF81B85A85}.Debug|iPhone.Build.0 = Debug|Any CPU
		{21FC6BBE-83C4-4270-AC5F-F1CF81B85A85}.Debug|iPhoneSimulator.ActiveCfg = Debug|Any CPU
		{21FC6BBE-83C4-4270-AC5F-F1CF81B85A85}.Debug|iPhoneSimulator.Build.0 = Debug|Any CPU
		{21FC6BBE-83C4-4270-AC5F-F1CF81B85A85}.Debug|x64.ActiveCfg = Debug|Any CPU
		{21FC6BBE-83C4-4270-AC5F-F1CF81B85A85}.Debug|x64.Build.0 = Debug|Any CPU
		{21FC6BBE-83C4-4270-AC5F-F1CF81B85A85}.Debug|x86.ActiveCfg = Debug|Any CPU
		{21FC6BBE-83C4-4270-AC5F-F1CF81B85A85}.Debug|x86.Build.0 = Debug|Any CPU
		{21FC6BBE-83C4-4270-AC5F-F1CF81B85A85}.Release|Any CPU.ActiveCfg = Release|Any CPU
		{21FC6BBE-83C4-4270-AC5F-F1CF81B85A85}.Release|Any CPU.Build.0 = Release|Any CPU
		{21FC6BBE-83C4-4270-AC5F-F1CF81B85A85}.Release|ARM.ActiveCfg = Release|Any CPU
		{21FC6BBE-83C4-4270-AC5F-F1CF81B85A85}.Release|ARM.Build.0 = Release|Any CPU
		{21FC6BBE-83C4-4270-AC5F-F1CF81B85A85}.Release|iPhone.ActiveCfg = Release|Any CPU
		{21FC6BBE-83C4-4270-AC5F-F1CF81B85A85}.Release|iPhone.Build.0 = Release|Any CPU
		{21FC6BBE-83C4-4270-AC5F-F1CF81B85A85}.Release|iPhoneSimulator.ActiveCfg = Release|Any CPU
		{21FC6BBE-83C4-4270-AC5F-F1CF81B85A85}.Release|iPhoneSimulator.Build.0 = Release|Any CPU
		{21FC6BBE-83C4-4270-AC5F-F1CF81B85A85}.Release|x64.ActiveCfg = Release|Any CPU
		{21FC6BBE-83C4-4270-AC5F-F1CF81B85A85}.Release|x64.Build.0 = Release|Any CPU
		{21FC6BBE-83C4-4270-AC5F-F1CF81B85A85}.Release|x86.ActiveCfg = Release|Any CPU
		{21FC6BBE-83C4-4270-AC5F-F1CF81B85A85}.Release|x86.Build.0 = Release|Any CPU
		{4E05B570-EF88-4DB3-83FC-5C3BD514C650}.Ad-Hoc|Any CPU.ActiveCfg = Release|x86
		{4E05B570-EF88-4DB3-83FC-5C3BD514C650}.Ad-Hoc|Any CPU.Build.0 = Release|x86
		{4E05B570-EF88-4DB3-83FC-5C3BD514C650}.Ad-Hoc|Any CPU.Deploy.0 = Release|x86
		{4E05B570-EF88-4DB3-83FC-5C3BD514C650}.Ad-Hoc|ARM.ActiveCfg = Release|ARM
		{4E05B570-EF88-4DB3-83FC-5C3BD514C650}.Ad-Hoc|ARM.Build.0 = Release|ARM
		{4E05B570-EF88-4DB3-83FC-5C3BD514C650}.Ad-Hoc|ARM.Deploy.0 = Release|ARM
		{4E05B570-EF88-4DB3-83FC-5C3BD514C650}.Ad-Hoc|iPhone.ActiveCfg = Release|x86
		{4E05B570-EF88-4DB3-83FC-5C3BD514C650}.Ad-Hoc|iPhone.Build.0 = Release|x86
		{4E05B570-EF88-4DB3-83FC-5C3BD514C650}.Ad-Hoc|iPhone.Deploy.0 = Release|x86
		{4E05B570-EF88-4DB3-83FC-5C3BD514C650}.Ad-Hoc|iPhoneSimulator.ActiveCfg = Release|x86
		{4E05B570-EF88-4DB3-83FC-5C3BD514C650}.Ad-Hoc|iPhoneSimulator.Build.0 = Release|x86
		{4E05B570-EF88-4DB3-83FC-5C3BD514C650}.Ad-Hoc|iPhoneSimulator.Deploy.0 = Release|x86
		{4E05B570-EF88-4DB3-83FC-5C3BD514C650}.Ad-Hoc|x64.ActiveCfg = Release|x64
		{4E05B570-EF88-4DB3-83FC-5C3BD514C650}.Ad-Hoc|x64.Build.0 = Release|x64
		{4E05B570-EF88-4DB3-83FC-5C3BD514C650}.Ad-Hoc|x64.Deploy.0 = Release|x64
		{4E05B570-EF88-4DB3-83FC-5C3BD514C650}.Ad-Hoc|x86.ActiveCfg = Release|x86
		{4E05B570-EF88-4DB3-83FC-5C3BD514C650}.Ad-Hoc|x86.Build.0 = Release|x86
		{4E05B570-EF88-4DB3-83FC-5C3BD514C650}.Ad-Hoc|x86.Deploy.0 = Release|x86
		{4E05B570-EF88-4DB3-83FC-5C3BD514C650}.AppStore|Any CPU.ActiveCfg = Release|x86
		{4E05B570-EF88-4DB3-83FC-5C3BD514C650}.AppStore|Any CPU.Build.0 = Release|x86
		{4E05B570-EF88-4DB3-83FC-5C3BD514C650}.AppStore|Any CPU.Deploy.0 = Release|x86
		{4E05B570-EF88-4DB3-83FC-5C3BD514C650}.AppStore|ARM.ActiveCfg = Release|ARM
		{4E05B570-EF88-4DB3-83FC-5C3BD514C650}.AppStore|ARM.Build.0 = Release|ARM
		{4E05B570-EF88-4DB3-83FC-5C3BD514C650}.AppStore|ARM.Deploy.0 = Release|ARM
		{4E05B570-EF88-4DB3-83FC-5C3BD514C650}.AppStore|iPhone.ActiveCfg = Release|x86
		{4E05B570-EF88-4DB3-83FC-5C3BD514C650}.AppStore|iPhone.Build.0 = Release|x86
		{4E05B570-EF88-4DB3-83FC-5C3BD514C650}.AppStore|iPhone.Deploy.0 = Release|x86
		{4E05B570-EF88-4DB3-83FC-5C3BD514C650}.AppStore|iPhoneSimulator.ActiveCfg = Release|x86
		{4E05B570-EF88-4DB3-83FC-5C3BD514C650}.AppStore|iPhoneSimulator.Build.0 = Release|x86
		{4E05B570-EF88-4DB3-83FC-5C3BD514C650}.AppStore|iPhoneSimulator.Deploy.0 = Release|x86
		{4E05B570-EF88-4DB3-83FC-5C3BD514C650}.AppStore|x64.ActiveCfg = Release|x64
		{4E05B570-EF88-4DB3-83FC-5C3BD514C650}.AppStore|x64.Build.0 = Release|x64
		{4E05B570-EF88-4DB3-83FC-5C3BD514C650}.AppStore|x64.Deploy.0 = Release|x64
		{4E05B570-EF88-4DB3-83FC-5C3BD514C650}.AppStore|x86.ActiveCfg = Release|x86
		{4E05B570-EF88-4DB3-83FC-5C3BD514C650}.AppStore|x86.Build.0 = Release|x86
		{4E05B570-EF88-4DB3-83FC-5C3BD514C650}.AppStore|x86.Deploy.0 = Release|x86
		{4E05B570-EF88-4DB3-83FC-5C3BD514C650}.Debug|Any CPU.ActiveCfg = Debug|x86
		{4E05B570-EF88-4DB3-83FC-5C3BD514C650}.Debug|ARM.ActiveCfg = Debug|ARM
		{4E05B570-EF88-4DB3-83FC-5C3BD514C650}.Debug|ARM.Build.0 = Debug|ARM
		{4E05B570-EF88-4DB3-83FC-5C3BD514C650}.Debug|ARM.Deploy.0 = Debug|ARM
		{4E05B570-EF88-4DB3-83FC-5C3BD514C650}.Debug|iPhone.ActiveCfg = Debug|x86
		{4E05B570-EF88-4DB3-83FC-5C3BD514C650}.Debug|iPhoneSimulator.ActiveCfg = Debug|x86
		{4E05B570-EF88-4DB3-83FC-5C3BD514C650}.Debug|x64.ActiveCfg = Debug|x64
		{4E05B570-EF88-4DB3-83FC-5C3BD514C650}.Debug|x64.Build.0 = Debug|x64
		{4E05B570-EF88-4DB3-83FC-5C3BD514C650}.Debug|x64.Deploy.0 = Debug|x64
		{4E05B570-EF88-4DB3-83FC-5C3BD514C650}.Debug|x86.ActiveCfg = Debug|x86
		{4E05B570-EF88-4DB3-83FC-5C3BD514C650}.Debug|x86.Build.0 = Debug|x86
		{4E05B570-EF88-4DB3-83FC-5C3BD514C650}.Debug|x86.Deploy.0 = Debug|x86
		{4E05B570-EF88-4DB3-83FC-5C3BD514C650}.Release|Any CPU.ActiveCfg = Release|x86
		{4E05B570-EF88-4DB3-83FC-5C3BD514C650}.Release|ARM.ActiveCfg = Release|ARM
		{4E05B570-EF88-4DB3-83FC-5C3BD514C650}.Release|ARM.Build.0 = Release|ARM
		{4E05B570-EF88-4DB3-83FC-5C3BD514C650}.Release|ARM.Deploy.0 = Release|ARM
		{4E05B570-EF88-4DB3-83FC-5C3BD514C650}.Release|iPhone.ActiveCfg = Release|x86
		{4E05B570-EF88-4DB3-83FC-5C3BD514C650}.Release|iPhoneSimulator.ActiveCfg = Release|x86
		{4E05B570-EF88-4DB3-83FC-5C3BD514C650}.Release|x64.ActiveCfg = Release|x64
		{4E05B570-EF88-4DB3-83FC-5C3BD514C650}.Release|x64.Build.0 = Release|x64
		{4E05B570-EF88-4DB3-83FC-5C3BD514C650}.Release|x64.Deploy.0 = Release|x64
		{4E05B570-EF88-4DB3-83FC-5C3BD514C650}.Release|x86.ActiveCfg = Release|x86
		{4E05B570-EF88-4DB3-83FC-5C3BD514C650}.Release|x86.Build.0 = Release|x86
		{4E05B570-EF88-4DB3-83FC-5C3BD514C650}.Release|x86.Deploy.0 = Release|x86
		{CE0F32F8-F626-40D1-BBEE-4D0532CF8140}.Ad-Hoc|Any CPU.ActiveCfg = Ad-Hoc|iPhone
		{CE0F32F8-F626-40D1-BBEE-4D0532CF8140}.Ad-Hoc|ARM.ActiveCfg = Ad-Hoc|iPhone
		{CE0F32F8-F626-40D1-BBEE-4D0532CF8140}.Ad-Hoc|iPhone.ActiveCfg = Ad-Hoc|iPhone
		{CE0F32F8-F626-40D1-BBEE-4D0532CF8140}.Ad-Hoc|iPhone.Build.0 = Ad-Hoc|iPhone
		{CE0F32F8-F626-40D1-BBEE-4D0532CF8140}.Ad-Hoc|iPhoneSimulator.ActiveCfg = Ad-Hoc|iPhoneSimulator
		{CE0F32F8-F626-40D1-BBEE-4D0532CF8140}.Ad-Hoc|iPhoneSimulator.Build.0 = Ad-Hoc|iPhoneSimulator
		{CE0F32F8-F626-40D1-BBEE-4D0532CF8140}.Ad-Hoc|x64.ActiveCfg = Ad-Hoc|iPhone
		{CE0F32F8-F626-40D1-BBEE-4D0532CF8140}.Ad-Hoc|x86.ActiveCfg = Ad-Hoc|iPhone
		{CE0F32F8-F626-40D1-BBEE-4D0532CF8140}.AppStore|Any CPU.ActiveCfg = AppStore|iPhone
		{CE0F32F8-F626-40D1-BBEE-4D0532CF8140}.AppStore|ARM.ActiveCfg = AppStore|iPhone
		{CE0F32F8-F626-40D1-BBEE-4D0532CF8140}.AppStore|iPhone.ActiveCfg = AppStore|iPhone
		{CE0F32F8-F626-40D1-BBEE-4D0532CF8140}.AppStore|iPhone.Build.0 = AppStore|iPhone
		{CE0F32F8-F626-40D1-BBEE-4D0532CF8140}.AppStore|iPhoneSimulator.ActiveCfg = AppStore|iPhoneSimulator
		{CE0F32F8-F626-40D1-BBEE-4D0532CF8140}.AppStore|iPhoneSimulator.Build.0 = AppStore|iPhoneSimulator
		{CE0F32F8-F626-40D1-BBEE-4D0532CF8140}.AppStore|x64.ActiveCfg = AppStore|iPhone
		{CE0F32F8-F626-40D1-BBEE-4D0532CF8140}.AppStore|x86.ActiveCfg = AppStore|iPhone
		{CE0F32F8-F626-40D1-BBEE-4D0532CF8140}.Debug|Any CPU.ActiveCfg = Debug|iPhone
		{CE0F32F8-F626-40D1-BBEE-4D0532CF8140}.Debug|ARM.ActiveCfg = Debug|iPhone
		{CE0F32F8-F626-40D1-BBEE-4D0532CF8140}.Debug|iPhone.ActiveCfg = Debug|iPhone
		{CE0F32F8-F626-40D1-BBEE-4D0532CF8140}.Debug|iPhone.Build.0 = Debug|iPhone
		{CE0F32F8-F626-40D1-BBEE-4D0532CF8140}.Debug|iPhoneSimulator.ActiveCfg = Debug|iPhoneSimulator
		{CE0F32F8-F626-40D1-BBEE-4D0532CF8140}.Debug|iPhoneSimulator.Build.0 = Debug|iPhoneSimulator
		{CE0F32F8-F626-40D1-BBEE-4D0532CF8140}.Debug|x64.ActiveCfg = Debug|iPhone
		{CE0F32F8-F626-40D1-BBEE-4D0532CF8140}.Debug|x86.ActiveCfg = Debug|iPhone
		{CE0F32F8-F626-40D1-BBEE-4D0532CF8140}.Release|Any CPU.ActiveCfg = Release|iPhone
		{CE0F32F8-F626-40D1-BBEE-4D0532CF8140}.Release|ARM.ActiveCfg = Release|iPhone
		{CE0F32F8-F626-40D1-BBEE-4D0532CF8140}.Release|iPhone.ActiveCfg = Release|iPhone
		{CE0F32F8-F626-40D1-BBEE-4D0532CF8140}.Release|iPhone.Build.0 = Release|iPhone
		{CE0F32F8-F626-40D1-BBEE-4D0532CF8140}.Release|iPhoneSimulator.ActiveCfg = Release|iPhoneSimulator
		{CE0F32F8-F626-40D1-BBEE-4D0532CF8140}.Release|iPhoneSimulator.Build.0 = Release|iPhoneSimulator
		{CE0F32F8-F626-40D1-BBEE-4D0532CF8140}.Release|x64.ActiveCfg = Release|iPhone
		{CE0F32F8-F626-40D1-BBEE-4D0532CF8140}.Release|x86.ActiveCfg = Release|iPhone
	EndGlobalSection
	GlobalSection(SolutionProperties) = preSolution
		HideSolutionNode = FALSE
	EndGlobalSection
EndGlobal
